
Microsoft Visual Studio Solution File, Format Version 12.00
# Visual Studio Version 17
VisualStudioVersion = 17.11.35327.3
MinimumVisualStudioVersion = 10.0.40219.1
Project("{FAE04EC0-301F-11D3-BF4B-00C04F79EFBC}") = "KanbanApp", "KanbanApp.csproj", "{3727D8A6-0446-4775-9FF3-0F420ACCD612}"
EndProject
Global
	GlobalSection(SolutionConfigurationPlatforms) = preSolution
		Debug|Any CPU = Debug|Any CPU
		Release|Any CPU = Release|Any CPU
	EndGlobalSection
	GlobalSection(ProjectConfigurationPlatforms) = postSolution
		{3727D8A6-0446-4775-9FF3-0F420ACCD612}.Debug|Any CPU.ActiveCfg = Debug|Any CPU
		{3727D8A6-0446-4775-9FF3-0F420ACCD612}.Debug|Any CPU.Build.0 = Debug|Any CPU
		{3727D8A6-0446-4775-9FF3-0F420ACCD612}.Release|Any CPU.ActiveCfg = Release|Any CPU
		{3727D8A6-0446-4775-9FF3-0F420ACCD612}.Release|Any CPU.Build.0 = Release|Any CPU
	EndGlobalSection
	GlobalSection(SolutionProperties) = preSolution
		HideSolutionNode = FALSE
	EndGlobalSection
	GlobalSection(ExtensibilityGlobals) = postSolution
		SolutionGuid = {D248168E-AE2B-413D-92DC-BA8556EF3DC6}
	EndGlobalSection
EndGlobal
